// !$*UTF8*$!
{
	archiveVersion = 1;
	classes = {
	};
	objectVersion = 50;
	objects = {

/* Begin PBXBuildFile section */
		061623522231E90D00048264 /* AppDelegate.swift in Sources */ = {isa = PBXBuildFile; fileRef = 061623512231E90D00048264 /* AppDelegate.swift */; };
		061623542231E90D00048264 /* ViewController.swift in Sources */ = {isa = PBXBuildFile; fileRef = 061623532231E90D00048264 /* ViewController.swift */; };
		061623572231E90D00048264 /* Main.storyboard in Resources */ = {isa = PBXBuildFile; fileRef = 061623552231E90D00048264 /* Main.storyboard */; };
		061623592231E91400048264 /* Assets.xcassets in Resources */ = {isa = PBXBuildFile; fileRef = 061623582231E91400048264 /* Assets.xcassets */; };
		0616235C2231E91400048264 /* LaunchScreen.storyboard in Resources */ = {isa = PBXBuildFile; fileRef = 0616235A2231E91400048264 /* LaunchScreen.storyboard */; };
		061623642231E93A00048264 /* FlowerClassifier.mlmodel in Sources */ = {isa = PBXBuildFile; fileRef = 061623632231E93A00048264 /* FlowerClassifier.mlmodel */; };
		402E3F80AED5367E3C5D215B /* Pods_What_Flower.framework in Frameworks */ = {isa = PBXBuildFile; fileRef = EA2FF1AEF491A780A562072F /* Pods_What_Flower.framework */; };
/* End PBXBuildFile section */

/* Begin PBXFileReference section */
		0616234E2231E90D00048264 /* What Flower.app */ = {isa = PBXFileReference; explicitFileType = wrapper.application; includeInIndex = 0; path = "What Flower.app"; sourceTree = BUILT_PRODUCTS_DIR; };
		061623512231E90D00048264 /* AppDelegate.swift */ = {isa = PBXFileReference; lastKnownFileType = sourcecode.swift; path = AppDelegate.swift; sourceTree = "<group>"; };
		061623532231E90D00048264 /* ViewController.swift */ = {isa = PBXFileReference; lastKnownFileType = sourcecode.swift; path = ViewController.swift; sourceTree = "<group>"; };
		061623562231E90D00048264 /* Base */ = {isa = PBXFileReference; lastKnownFileType = file.storyboard; name = Base; path = Base.lproj/Main.storyboard; sourceTree = "<group>"; };
		061623582231E91400048264 /* Assets.xcassets */ = {isa = PBXFileReference; lastKnownFileType = folder.assetcatalog; path = Assets.xcassets; sourceTree = "<group>"; };
		0616235B2231E91400048264 /* Base */ = {isa = PBXFileReference; lastKnownFileType = file.storyboard; name = Base; path = Base.lproj/LaunchScreen.storyboard; sourceTree = "<group>"; };
		0616235D2231E91400048264 /* Info.plist */ = {isa = PBXFileReference; lastKnownFileType = text.plist.xml; path = Info.plist; sourceTree = "<group>"; };
		061623632231E93A00048264 /* FlowerClassifier.mlmodel */ = {isa = PBXFileReference; lastKnownFileType = file.mlmodel; name = FlowerClassifier.mlmodel; path = "../../Flower Classification/FlowerClassifier.mlmodel"; sourceTree = "<group>"; };
		5C5473A7AFBA3A6EEBA5E290 /* Pods-What Flower.debug.xcconfig */ = {isa = PBXFileReference; includeInIndex = 1; lastKnownFileType = text.xcconfig; name = "Pods-What Flower.debug.xcconfig"; path = "Target Support Files/Pods-What Flower/Pods-What Flower.debug.xcconfig"; sourceTree = "<group>"; };
		9641DEC48290B7F5CBF7D409 /* Pods-What Flower.release.xcconfig */ = {isa = PBXFileReference; includeInIndex = 1; lastKnownFileType = text.xcconfig; name = "Pods-What Flower.release.xcconfig"; path = "Target Support Files/Pods-What Flower/Pods-What Flower.release.xcconfig"; sourceTree = "<group>"; };
		EA2FF1AEF491A780A562072F /* Pods_What_Flower.framework */ = {isa = PBXFileReference; explicitFileType = wrapper.framework; includeInIndex = 0; path = Pods_What_Flower.framework; sourceTree = BUILT_PRODUCTS_DIR; };
/* End PBXFileReference section */

/* Begin PBXFrameworksBuildPhase section */
		0616234B2231E90D00048264 /* Frameworks */ = {
			isa = PBXFrameworksBuildPhase;
			buildActionMask = 2147483647;
			files = (
				402E3F80AED5367E3C5D215B /* Pods_What_Flower.framework in Frameworks */,
			);
			runOnlyForDeploymentPostprocessing = 0;
		};
/* End PBXFrameworksBuildPhase section */

/* Begin PBXGroup section */
		061623452231E90C00048264 = {
			isa = PBXGroup;
			children = (
				061623502231E90D00048264 /* What Flower */,
				0616234F2231E90D00048264 /* Products */,
				6C9600CBE7A34BD4BBF80938 /* Pods */,
				7575F41DA577CEF590C85719 /* Frameworks */,
			);
			sourceTree = "<group>";
		};
		0616234F2231E90D00048264 /* Products */ = {
			isa = PBXGroup;
			children = (
				0616234E2231E90D00048264 /* What Flower.app */,
			);
			name = Products;
			sourceTree = "<group>";
		};
		061623502231E90D00048264 /* What Flower */ = {
			isa = PBXGroup;
			children = (
				061623512231E90D00048264 /* AppDelegate.swift */,
				061623532231E90D00048264 /* ViewController.swift */,
				061623552231E90D00048264 /* Main.storyboard */,
				061623582231E91400048264 /* Assets.xcassets */,
				0616235A2231E91400048264 /* LaunchScreen.storyboard */,
				0616235D2231E91400048264 /* Info.plist */,
				061623632231E93A00048264 /* FlowerClassifier.mlmodel */,
			);
			path = "What Flower";
			sourceTree = "<group>";
		};
		6C9600CBE7A34BD4BBF80938 /* Pods */ = {
			isa = PBXGroup;
			children = (
				5C5473A7AFBA3A6EEBA5E290 /* Pods-What Flower.debug.xcconfig */,
				9641DEC48290B7F5CBF7D409 /* Pods-What Flower.release.xcconfig */,
			);
			name = Pods;
			path = Pods;
			sourceTree = "<group>";
		};
		7575F41DA577CEF590C85719 /* Frameworks */ = {
			isa = PBXGroup;
			children = (
				EA2FF1AEF491A780A562072F /* Pods_What_Flower.framework */,
			);
			name = Frameworks;
			sourceTree = "<group>";
		};
/* End PBXGroup section */

/* Begin PBXNativeTarget section */
		0616234D2231E90D00048264 /* What Flower */ = {
			isa = PBXNativeTarget;
			buildConfigurationList = 061623602231E91400048264 /* Build configuration list for PBXNativeTarget "What Flower" */;
			buildPhases = (
				5ECF2F18D52B1467BB2577F1 /* [CP] Check Pods Manifest.lock */,
				0616234A2231E90D00048264 /* Sources */,
				0616234B2231E90D00048264 /* Frameworks */,
				0616234C2231E90D00048264 /* Resources */,
				543D027E84AA3C209A7CF2EC /* [CP] Embed Pods Frameworks */,
			);
			buildRules = (
			);
			dependencies = (
			);
			name = "What Flower";
			productName = "What Flower";
			productReference = 0616234E2231E90D00048264 /* What Flower.app */;
			productType = "com.apple.product-type.application";
		};
/* End PBXNativeTarget section */

/* Begin PBXProject section */
		061623462231E90C00048264 /* Project object */ = {
			isa = PBXProject;
			attributes = {
				LastSwiftUpdateCheck = 1010;
				LastUpgradeCheck = 1010;
				ORGANIZATIONNAME = "Brian Sakhuja";
				TargetAttributes = {
					0616234D2231E90D00048264 = {
						CreatedOnToolsVersion = 10.1;
					};
				};
			};
			buildConfigurationList = 061623492231E90C00048264 /* Build configuration list for PBXProject "What Flower" */;
			compatibilityVersion = "Xcode 9.3";
			developmentRegion = en;
			hasScannedForEncodings = 0;
			knownRegions = (
				en,
				Base,
			);
			mainGroup = 061623452231E90C00048264;
			productRefGroup = 0616234F2231E90D00048264 /* Products */;
			projectDirPath = "";
			projectRoot = "";
			targets = (
				0616234D2231E90D00048264 /* What Flower */,
			);
		};
/* End PBXProject section */

/* Begin PBXResourcesBuildPhase section */
		0616234C2231E90D00048264 /* Resources */ = {
			isa = PBXResourcesBuildPhase;
			buildActionMask = 2147483647;
			files = (
				0616235C2231E91400048264 /* LaunchScreen.storyboard in Resources */,
				061623592231E91400048264 /* Assets.xcassets in Resources */,
				061623572231E90D00048264 /* Main.storyboard in Resources */,
			);
			runOnlyForDeploymentPostprocessing = 0;
		};
/* End PBXResourcesBuildPhase section */

/* Begin PBXShellScriptBuildPhase section */
		543D027E84AA3C209A7CF2EC /* [CP] Embed Pods Frameworks */ = {
			isa = PBXShellScriptBuildPhase;
			buildActionMask = 2147483647;
			files = (
			);
			inputFileListPaths = (
			);
			inputPaths = (
				"${PODS_ROOT}/Target Support Files/Pods-What Flower/Pods-What Flower-frameworks.sh",
				"${BUILT_PRODUCTS_DIR}/Alamofire/Alamofire.framework",
				"${BUILT_PRODUCTS_DIR}/SDWebImage/SDWebImage.framework",
				"${BUILT_PRODUCTS_DIR}/SwiftyJSON/SwiftyJSON.framework",
			);
			name = "[CP] Embed Pods Frameworks";
			outputFileListPaths = (
			);
			outputPaths = (
				"${TARGET_BUILD_DIR}/${FRAMEWORKS_FOLDER_PATH}/Alamofire.framework",
				"${TARGET_BUILD_DIR}/${FRAMEWORKS_FOLDER_PATH}/SDWebImage.framework",
				"${TARGET_BUILD_DIR}/${FRAMEWORKS_FOLDER_PATH}/SwiftyJSON.framework",
			);
			runOnlyForDeploymentPostprocessing = 0;
			shellPath = /bin/sh;
			shellScript = "\"${PODS_ROOT}/Target Support Files/Pods-What Flower/Pods-What Flower-frameworks.sh\"\n";
			showEnvVarsInLog = 0;
		};
		5ECF2F18D52B1467BB2577F1 /* [CP] Check Pods Manifest.lock */ = {
			isa = PBXShellScriptBuildPhase;
			buildActionMask = 2147483647;
			files = (
			);
			inputFileListPaths = (
			);
			inputPaths = (
				"${PODS_PODFILE_DIR_PATH}/Podfile.lock",
				"${PODS_ROOT}/Manifest.lock",
			);
			name = "[CP] Check Pods Manifest.lock";
			outputFileListPaths = (
			);
			outputPaths = (
				"$(DERIVED_FILE_DIR)/Pods-What Flower-checkManifestLockResult.txt",
			);
			runOnlyForDeploymentPostprocessing = 0;
			shellPath = /bin/sh;
			shellScript = "diff \"${PODS_PODFILE_DIR_PATH}/Podfile.lock\" \"${PODS_ROOT}/Manifest.lock\" > /dev/null\nif [ $? != 0 ] ; then\n    # print error to STDERR\n    echo \"error: The sandbox is not in sync with the Podfile.lock. Run 'pod install' or update your CocoaPods installation.\" >&2\n    exit 1\nfi\n# This output is used by Xcode 'outputs' to avoid re-running this script phase.\necho \"SUCCESS\" > \"${SCRIPT_OUTPUT_FILE_0}\"\n";
			showEnvVarsInLog = 0;
		};
/* End PBXShellScriptBuildPhase section */

/* Begin PBXSourcesBuildPhase section */
		0616234A2231E90D00048264 /* Sources */ = {
			isa = PBXSourcesBuildPhase;
			buildActionMask = 2147483647;
			files = (
				061623642231E93A00048264 /* FlowerClassifier.mlmodel in Sources */,
				061623542231E90D00048264 /* ViewController.swift in Sources */,
				061623522231E90D00048264 /* AppDelegate.swift in Sources */,
			);
			runOnlyForDeploymentPostprocessing = 0;
		};
/* End PBXSourcesBuildPhase section */

/* Begin PBXVariantGroup section */
		061623552231E90D00048264 /* Main.storyboard */ = {
			isa = PBXVariantGroup;
			children = (
				061623562231E90D00048264 /* Base */,
			);
			name = Main.storyboard;
			sourceTree = "<group>";
		};
		0616235A2231E91400048264 /* LaunchScreen.storyboard */ = {
			isa = PBXVariantGroup;
			children = (
				0616235B2231E91400048264 /* Base */,
			);
			name = LaunchScreen.storyboard;
			sourceTree = "<group>";
		};
/* End PBXVariantGroup section */

/* Begin XCBuildConfiguration section */
		0616235E2231E91400048264 /* Debug */ = {
			isa = XCBuildConfiguration;
			buildSettings = {
				ALWAYS_SEARCH_USER_PATHS = NO;
				CLANG_ANALYZER_NONNULL = YES;
				CLANG_ANALYZER_NUMBER_OBJECT_CONVERSION = YES_AGGRESSIVE;
				CLANG_CXX_LANGUAGE_STANDARD = "gnu++14";
				CLANG_CXX_LIBRARY = "libc++";
				CLANG_ENABLE_MODULES = YES;
				CLANG_ENABLE_OBJC_ARC = YES;
				CLANG_ENABLE_OBJC_WEAK = YES;
				CLANG_WARN_BLOCK_CAPTURE_AUTORELEASING = YES;
				CLANG_WARN_BOOL_CONVERSION = YES;
				CLANG_WARN_COMMA = YES;
				CLANG_WARN_CONSTANT_CONVERSION = YES;
				CLANG_WARN_DEPRECATED_OBJC_IMPLEMENTATIONS = YES;
				CLANG_WARN_DIRECT_OBJC_ISA_USAGE = YES_ERROR;
				CLANG_WARN_DOCUMENTATION_COMMENTS = YES;
				CLANG_WARN_EMPTY_BODY = YES;
				CLANG_WARN_ENUM_CONVERSION = YES;
				CLANG_WARN_INFINITE_RECURSION = YES;
				CLANG_WARN_INT_CONVERSION = YES;
				CLANG_WARN_NON_LITERAL_NULL_CONVERSION = YES;
				CLANG_WARN_OBJC_IMPLICIT_RETAIN_SELF = YES;
				CLANG_WARN_OBJC_LITERAL_CONVERSION = YES;
				CLANG_WARN_OBJC_ROOT_CLASS = YES_ERROR;
				CLANG_WARN_RANGE_LOOP_ANALYSIS = YES;
				CLANG_WARN_STRICT_PROTOTYPES = YES;
				CLANG_WARN_SUSPICIOUS_MOVE = YES;
				CLANG_WARN_UNGUARDED_AVAILABILITY = YES_AGGRESSIVE;
				CLANG_WARN_UNREACHABLE_CODE = YES;
				CLANG_WARN__DUPLICATE_METHOD_MATCH = YES;
				CODE_SIGN_IDENTITY = "iPhone Developer";
				COPY_PHASE_STRIP = NO;
				DEBUG_INFORMATION_FORMAT = dwarf;
				ENABLE_STRICT_OBJC_MSGSEND = YES;
				ENABLE_TESTABILITY = YES;
				GCC_C_LANGUAGE_STANDARD = gnu11;
				GCC_DYNAMIC_NO_PIC = NO;
				GCC_NO_COMMON_BLOCKS = YES;
				GCC_OPTIMIZATION_LEVEL = 0;
				GCC_PREPROCESSOR_DEFINITIONS = (
					"DEBUG=1",
					"$(inherited)",
				);
				GCC_WARN_64_TO_32_BIT_CONVERSION = YES;
				GCC_WARN_ABOUT_RETURN_TYPE = YES_ERROR;
				GCC_WARN_UNDECLARED_SELECTOR = YES;
				GCC_WARN_UNINITIALIZED_AUTOS = YES_AGGRESSIVE;
				GCC_WARN_UNUSED_FUNCTION = YES;
				GCC_WARN_UNUSED_VARIABLE = YES;
				IPHONEOS_DEPLOYMENT_TARGET = 12.1;
				MTL_ENABLE_DEBUG_INFO = INCLUDE_SOURCE;
				MTL_FAST_MATH = YES;
				ONLY_ACTIVE_ARCH = YES;
				SDKROOT = iphoneos;
				SWIFT_ACTIVE_COMPILATION_CONDITIONS = DEBUG;
				SWIFT_OPTIMIZATION_LEVEL = "-Onone";
			};
			name = Debug;
		};
		0616235F2231E91400048264 /* Release */ = {
			isa = XCBuildConfiguration;
			buildSettings = {
				ALWAYS_SEARCH_USER_PATHS = NO;
				CLANG_ANALYZER_NONNULL = YES;
				CLANG_ANALYZER_NUMBER_OBJECT_CONVERSION = YES_AGGRESSIVE;
				CLANG_CXX_LANGUAGE_STANDARD = "gnu++14";
				CLANG_CXX_LIBRARY = "libc++";
				CLANG_ENABLE_MODULES = YES;
				CLANG_ENABLE_OBJC_ARC = YES;
				CLANG_ENABLE_OBJC_WEAK = YES;
				CLANG_WARN_BLOCK_CAPTURE_AUTORELEASING = YES;
				CLANG_WARN_BOOL_CONVERSION = YES;
				CLANG_WARN_COMMA = YES;
				CLANG_WARN_CONSTANT_CONVERSION = YES;
				CLANG_WARN_DEPRECATED_OBJC_IMPLEMENTATIONS = YES;
				CLANG_WARN_DIRECT_OBJC_ISA_USAGE = YES_ERROR;
				CLANG_WARN_DOCUMENTATION_COMMENTS = YES;
				CLANG_WARN_EMPTY_BODY = YES;
				CLANG_WARN_ENUM_CONVERSION = YES;
				CLANG_WARN_INFINITE_RECURSION = YES;
				CLANG_WARN_INT_CONVERSION = YES;
				CLANG_WARN_NON_LITERAL_NULL_CONVERSION = YES;
				CLANG_WARN_OBJC_IMPLICIT_RETAIN_SELF = YES;
				CLANG_WARN_OBJC_LITERAL_CONVERSION = YES;
				CLANG_WARN_OBJC_ROOT_CLASS = YES_ERROR;
				CLANG_WARN_RANGE_LOOP_ANALYSIS = YES;
				CLANG_WARN_STRICT_PROTOTYPES = YES;
				CLANG_WARN_SUSPICIOUS_MOVE = YES;
				CLANG_WARN_UNGUARDED_AVAILABILITY = YES_AGGRESSIVE;
				CLANG_WARN_UNREACHABLE_CODE = YES;
				CLANG_WARN__DUPLICATE_METHOD_MATCH = YES;
				CODE_SIGN_IDENTITY = "iPhone Developer";
				COPY_PHASE_STRIP = NO;
				DEBUG_INFORMATION_FORMAT = "dwarf-with-dsym";
				ENABLE_NS_ASSERTIONS = NO;
				ENABLE_STRICT_OBJC_MSGSEND = YES;
				GCC_C_LANGUAGE_STANDARD = gnu11;
				GCC_NO_COMMON_BLOCKS = YES;
				GCC_WARN_64_TO_32_BIT_CONVERSION = YES;
				GCC_WARN_ABOUT_RETURN_TYPE = YES_ERROR;
				GCC_WARN_UNDECLARED_SELECTOR = YES;
				GCC_WARN_UNINITIALIZED_AUTOS = YES_AGGRESSIVE;
				GCC_WARN_UNUSED_FUNCTION = YES;
				GCC_WARN_UNUSED_VARIABLE = YES;
				IPHONEOS_DEPLOYMENT_TARGET = 12.1;
				MTL_ENABLE_DEBUG_INFO = NO;
				MTL_FAST_MATH = YES;
				SDKROOT = iphoneos;
				SWIFT_COMPILATION_MODE = wholemodule;
				SWIFT_OPTIMIZATION_LEVEL = "-O";
				VALIDATE_PRODUCT = YES;
			};
			name = Release;
		};
		061623612231E91400048264 /* Debug */ = {
			isa = XCBuildConfiguration;
			baseConfigurationReference = 5C5473A7AFBA3A6EEBA5E290 /* Pods-What Flower.debug.xcconfig */;
			buildSettings = {
				ASSETCATALOG_COMPILER_APPICON_NAME = AppIcon;
				CODE_SIGN_STYLE = Automatic;
				DEVELOPMENT_TEAM = DUCAN2M87U;
				INFOPLIST_FILE = "What Flower/Info.plist";
				LD_RUNPATH_SEARCH_PATHS = (
					"$(inherited)",
					"@executable_path/Frameworks",
				);
				PRODUCT_BUNDLE_IDENTIFIER = "com.briansakhuja.What-Flower";
				PRODUCT_NAME = "$(TARGET_NAME)";
				SWIFT_VERSION = 4.2;
				TARGETED_DEVICE_FAMILY = "1,2";
			};
			name = Debug;
		};
		061623622231E91400048264 /* Release */ = {
			isa = XCBuildConfiguration;
			baseConfigurationReference = 9641DEC48290B7F5CBF7D409 /* Pods-What Flower.release.xcconfig */;
			buildSettings = {
				ASSETCATALOG_COMPILER_APPICON_NAME = AppIcon;
				CODE_SIGN_STYLE = Automatic;
				DEVELOPMENT_TEAM = DUCAN2M87U;
				INFOPLIST_FILE = "What Flower/Info.plist";
				LD_RUNPATH_SEARCH_PATHS = (
					"$(inherited)",
					"@executable_path/Frameworks",
				);
				PRODUCT_BUNDLE_IDENTIFIER = "com.briansakhuja.What-Flower";
				PRODUCT_NAME = "$(TARGET_NAME)";
				SWIFT_VERSION = 4.2;
				TARGETED_DEVICE_FAMILY = "1,2";
			};
			name = Release;
		};
/* End XCBuildConfiguration section */

/* Begin XCConfigurationList section */
		061623492231E90C00048264 /* Build configuration list for PBXProject "What Flower" */ = {
			isa = XCConfigurationList;
			buildConfigurations = (
				0616235E2231E91400048264 /* Debug */,
				0616235F2231E91400048264 /* Release */,
			);
			defaultConfigurationIsVisible = 0;
			defaultConfigurationName = Release;
		};
		061623602231E91400048264 /* Build configuration list for PBXNativeTarget "What Flower" */ = {
			isa = XCConfigurationList;
			buildConfigurations = (
				061623612231E91400048264 /* Debug */,
				061623622231E91400048264 /* Release */,
			);
			defaultConfigurationIsVisible = 0;
			defaultConfigurationName = Release;
		};
/* End XCConfigurationList section */
	};
	rootObject = 061623462231E90C00048264 /* Project object */;
}
