// !$*UTF8*$!
{
	archiveVersion = 1;
	classes = {
	};
	objectVersion = 50;
	objects = {

/* Begin PBXBuildFile section */
		060B60D62158280B00310CBB /* AppDelegate.swift in Sources */ = {isa = PBXBuildFile; fileRef = 060B60D52158280B00310CBB /* AppDelegate.swift */; };
		060B60D82158280B00310CBB /* ViewController.swift in Sources */ = {isa = PBXBuildFile; fileRef = 060B60D72158280B00310CBB /* ViewController.swift */; };
		060B60DB2158280B00310CBB /* Main.storyboard in Resources */ = {isa = PBXBuildFile; fileRef = 060B60D92158280B00310CBB /* Main.storyboard */; };
		060B60DE2158280B00310CBB /* Udemy20_Core_Data.xcdatamodeld in Sources */ = {isa = PBXBuildFile; fileRef = 060B60DC2158280B00310CBB /* Udemy20_Core_Data.xcdatamodeld */; };
		060B60E02158280F00310CBB /* Assets.xcassets in Resources */ = {isa = PBXBuildFile; fileRef = 060B60DF2158280F00310CBB /* Assets.xcassets */; };
		060B60E32158280F00310CBB /* LaunchScreen.storyboard in Resources */ = {isa = PBXBuildFile; fileRef = 060B60E12158280F00310CBB /* LaunchScreen.storyboard */; };
/* End PBXBuildFile section */

/* Begin PBXFileReference section */
		060B60D22158280B00310CBB /* Udemy20 Core Data.app */ = {isa = PBXFileReference; explicitFileType = wrapper.application; includeInIndex = 0; path = "Udemy20 Core Data.app"; sourceTree = BUILT_PRODUCTS_DIR; };
		060B60D52158280B00310CBB /* AppDelegate.swift */ = {isa = PBXFileReference; lastKnownFileType = sourcecode.swift; path = AppDelegate.swift; sourceTree = "<group>"; };
		060B60D72158280B00310CBB /* ViewController.swift */ = {isa = PBXFileReference; lastKnownFileType = sourcecode.swift; path = ViewController.swift; sourceTree = "<group>"; };
		060B60DA2158280B00310CBB /* Base */ = {isa = PBXFileReference; lastKnownFileType = file.storyboard; name = Base; path = Base.lproj/Main.storyboard; sourceTree = "<group>"; };
		060B60DD2158280B00310CBB /* Udemy20_Core_Data.xcdatamodel */ = {isa = PBXFileReference; lastKnownFileType = wrapper.xcdatamodel; path = Udemy20_Core_Data.xcdatamodel; sourceTree = "<group>"; };
		060B60DF2158280F00310CBB /* Assets.xcassets */ = {isa = PBXFileReference; lastKnownFileType = folder.assetcatalog; path = Assets.xcassets; sourceTree = "<group>"; };
		060B60E22158280F00310CBB /* Base */ = {isa = PBXFileReference; lastKnownFileType = file.storyboard; name = Base; path = Base.lproj/LaunchScreen.storyboard; sourceTree = "<group>"; };
		060B60E42158280F00310CBB /* Info.plist */ = {isa = PBXFileReference; lastKnownFileType = text.plist.xml; path = Info.plist; sourceTree = "<group>"; };
/* End PBXFileReference section */

/* Begin PBXFrameworksBuildPhase section */
		060B60CF2158280B00310CBB /* Frameworks */ = {
			isa = PBXFrameworksBuildPhase;
			buildActionMask = 2147483647;
			files = (
			);
			runOnlyForDeploymentPostprocessing = 0;
		};
/* End PBXFrameworksBuildPhase section */

/* Begin PBXGroup section */
		060B60C92158280B00310CBB = {
			isa = PBXGroup;
			children = (
				060B60D42158280B00310CBB /* Udemy20 Core Data */,
				060B60D32158280B00310CBB /* Products */,
			);
			sourceTree = "<group>";
		};
		060B60D32158280B00310CBB /* Products */ = {
			isa = PBXGroup;
			children = (
				060B60D22158280B00310CBB /* Udemy20 Core Data.app */,
			);
			name = Products;
			sourceTree = "<group>";
		};
		060B60D42158280B00310CBB /* Udemy20 Core Data */ = {
			isa = PBXGroup;
			children = (
				060B60D52158280B00310CBB /* AppDelegate.swift */,
				060B60D72158280B00310CBB /* ViewController.swift */,
				060B60D92158280B00310CBB /* Main.storyboard */,
				060B60DF2158280F00310CBB /* Assets.xcassets */,
				060B60E12158280F00310CBB /* LaunchScreen.storyboard */,
				060B60E42158280F00310CBB /* Info.plist */,
				060B60DC2158280B00310CBB /* Udemy20_Core_Data.xcdatamodeld */,
			);
			path = "Udemy20 Core Data";
			sourceTree = "<group>";
		};
/* End PBXGroup section */

/* Begin PBXNativeTarget section */
		060B60D12158280B00310CBB /* Udemy20 Core Data */ = {
			isa = PBXNativeTarget;
			buildConfigurationList = 060B60E72158280F00310CBB /* Build configuration list for PBXNativeTarget "Udemy20 Core Data" */;
			buildPhases = (
				060B60CE2158280B00310CBB /* Sources */,
				060B60CF2158280B00310CBB /* Frameworks */,
				060B60D02158280B00310CBB /* Resources */,
			);
			buildRules = (
			);
			dependencies = (
			);
			name = "Udemy20 Core Data";
			productName = "Udemy20 Core Data";
			productReference = 060B60D22158280B00310CBB /* Udemy20 Core Data.app */;
			productType = "com.apple.product-type.application";
		};
/* End PBXNativeTarget section */

/* Begin PBXProject section */
		060B60CA2158280B00310CBB /* Project object */ = {
			isa = PBXProject;
			attributes = {
				LastSwiftUpdateCheck = 1000;
				LastUpgradeCheck = 1000;
				ORGANIZATIONNAME = "Brian Sakhuja";
				TargetAttributes = {
					060B60D12158280B00310CBB = {
						CreatedOnToolsVersion = 10.0;
					};
				};
			};
			buildConfigurationList = 060B60CD2158280B00310CBB /* Build configuration list for PBXProject "Udemy20 Core Data" */;
			compatibilityVersion = "Xcode 9.3";
			developmentRegion = en;
			hasScannedForEncodings = 0;
			knownRegions = (
				en,
				Base,
			);
			mainGroup = 060B60C92158280B00310CBB;
			productRefGroup = 060B60D32158280B00310CBB /* Products */;
			projectDirPath = "";
			projectRoot = "";
			targets = (
				060B60D12158280B00310CBB /* Udemy20 Core Data */,
			);
		};
/* End PBXProject section */

/* Begin PBXResourcesBuildPhase section */
		060B60D02158280B00310CBB /* Resources */ = {
			isa = PBXResourcesBuildPhase;
			buildActionMask = 2147483647;
			files = (
				060B60E32158280F00310CBB /* LaunchScreen.storyboard in Resources */,
				060B60E02158280F00310CBB /* Assets.xcassets in Resources */,
				060B60DB2158280B00310CBB /* Main.storyboard in Resources */,
			);
			runOnlyForDeploymentPostprocessing = 0;
		};
/* End PBXResourcesBuildPhase section */

/* Begin PBXSourcesBuildPhase section */
		060B60CE2158280B00310CBB /* Sources */ = {
			isa = PBXSourcesBuildPhase;
			buildActionMask = 2147483647;
			files = (
				060B60D82158280B00310CBB /* ViewController.swift in Sources */,
				060B60D62158280B00310CBB /* AppDelegate.swift in Sources */,
				060B60DE2158280B00310CBB /* Udemy20_Core_Data.xcdatamodeld in Sources */,
			);
			runOnlyForDeploymentPostprocessing = 0;
		};
/* End PBXSourcesBuildPhase section */

/* Begin PBXVariantGroup section */
		060B60D92158280B00310CBB /* Main.storyboard */ = {
			isa = PBXVariantGroup;
			children = (
				060B60DA2158280B00310CBB /* Base */,
			);
			name = Main.storyboard;
			sourceTree = "<group>";
		};
		060B60E12158280F00310CBB /* LaunchScreen.storyboard */ = {
			isa = PBXVariantGroup;
			children = (
				060B60E22158280F00310CBB /* Base */,
			);
			name = LaunchScreen.storyboard;
			sourceTree = "<group>";
		};
/* End PBXVariantGroup section */

/* Begin XCBuildConfiguration section */
		060B60E52158280F00310CBB /* Debug */ = {
			isa = XCBuildConfiguration;
			buildSettings = {
				ALWAYS_SEARCH_USER_PATHS = NO;
				CLANG_ANALYZER_NONNULL = YES;
				CLANG_ANALYZER_NUMBER_OBJECT_CONVERSION = YES_AGGRESSIVE;
				CLANG_CXX_LANGUAGE_STANDARD = "gnu++14";
				CLANG_CXX_LIBRARY = "libc++";
				CLANG_ENABLE_MODULES = YES;
				CLANG_ENABLE_OBJC_ARC = YES;
				CLANG_ENABLE_OBJC_WEAK = YES;
				CLANG_WARN_BLOCK_CAPTURE_AUTORELEASING = YES;
				CLANG_WARN_BOOL_CONVERSION = YES;
				CLANG_WARN_COMMA = YES;
				CLANG_WARN_CONSTANT_CONVERSION = YES;
				CLANG_WARN_DEPRECATED_OBJC_IMPLEMENTATIONS = YES;
				CLANG_WARN_DIRECT_OBJC_ISA_USAGE = YES_ERROR;
				CLANG_WARN_DOCUMENTATION_COMMENTS = YES;
				CLANG_WARN_EMPTY_BODY = YES;
				CLANG_WARN_ENUM_CONVERSION = YES;
				CLANG_WARN_INFINITE_RECURSION = YES;
				CLANG_WARN_INT_CONVERSION = YES;
				CLANG_WARN_NON_LITERAL_NULL_CONVERSION = YES;
				CLANG_WARN_OBJC_IMPLICIT_RETAIN_SELF = YES;
				CLANG_WARN_OBJC_LITERAL_CONVERSION = YES;
				CLANG_WARN_OBJC_ROOT_CLASS = YES_ERROR;
				CLANG_WARN_RANGE_LOOP_ANALYSIS = YES;
				CLANG_WARN_STRICT_PROTOTYPES = YES;
				CLANG_WARN_SUSPICIOUS_MOVE = YES;
				CLANG_WARN_UNGUARDED_AVAILABILITY = YES_AGGRESSIVE;
				CLANG_WARN_UNREACHABLE_CODE = YES;
				CLANG_WARN__DUPLICATE_METHOD_MATCH = YES;
				CODE_SIGN_IDENTITY = "iPhone Developer";
				COPY_PHASE_STRIP = NO;
				DEBUG_INFORMATION_FORMAT = dwarf;
				ENABLE_STRICT_OBJC_MSGSEND = YES;
				ENABLE_TESTABILITY = YES;
				GCC_C_LANGUAGE_STANDARD = gnu11;
				GCC_DYNAMIC_NO_PIC = NO;
				GCC_NO_COMMON_BLOCKS = YES;
				GCC_OPTIMIZATION_LEVEL = 0;
				GCC_PREPROCESSOR_DEFINITIONS = (
					"DEBUG=1",
					"$(inherited)",
				);
				GCC_WARN_64_TO_32_BIT_CONVERSION = YES;
				GCC_WARN_ABOUT_RETURN_TYPE = YES_ERROR;
				GCC_WARN_UNDECLARED_SELECTOR = YES;
				GCC_WARN_UNINITIALIZED_AUTOS = YES_AGGRESSIVE;
				GCC_WARN_UNUSED_FUNCTION = YES;
				GCC_WARN_UNUSED_VARIABLE = YES;
				IPHONEOS_DEPLOYMENT_TARGET = 12.0;
				MTL_ENABLE_DEBUG_INFO = INCLUDE_SOURCE;
				ONLY_ACTIVE_ARCH = YES;
				SDKROOT = iphoneos;
				SWIFT_ACTIVE_COMPILATION_CONDITIONS = DEBUG;
				SWIFT_OPTIMIZATION_LEVEL = "-Onone";
			};
			name = Debug;
		};
		060B60E62158280F00310CBB /* Release */ = {
			isa = XCBuildConfiguration;
			buildSettings = {
				ALWAYS_SEARCH_USER_PATHS = NO;
				CLANG_ANALYZER_NONNULL = YES;
				CLANG_ANALYZER_NUMBER_OBJECT_CONVERSION = YES_AGGRESSIVE;
				CLANG_CXX_LANGUAGE_STANDARD = "gnu++14";
				CLANG_CXX_LIBRARY = "libc++";
				CLANG_ENABLE_MODULES = YES;
				CLANG_ENABLE_OBJC_ARC = YES;
				CLANG_ENABLE_OBJC_WEAK = YES;
				CLANG_WARN_BLOCK_CAPTURE_AUTORELEASING = YES;
				CLANG_WARN_BOOL_CONVERSION = YES;
				CLANG_WARN_COMMA = YES;
				CLANG_WARN_CONSTANT_CONVERSION = YES;
				CLANG_WARN_DEPRECATED_OBJC_IMPLEMENTATIONS = YES;
				CLANG_WARN_DIRECT_OBJC_ISA_USAGE = YES_ERROR;
				CLANG_WARN_DOCUMENTATION_COMMENTS = YES;
				CLANG_WARN_EMPTY_BODY = YES;
				CLANG_WARN_ENUM_CONVERSION = YES;
				CLANG_WARN_INFINITE_RECURSION = YES;
				CLANG_WARN_INT_CONVERSION = YES;
				CLANG_WARN_NON_LITERAL_NULL_CONVERSION = YES;
				CLANG_WARN_OBJC_IMPLICIT_RETAIN_SELF = YES;
				CLANG_WARN_OBJC_LITERAL_CONVERSION = YES;
				CLANG_WARN_OBJC_ROOT_CLASS = YES_ERROR;
				CLANG_WARN_RANGE_LOOP_ANALYSIS = YES;
				CLANG_WARN_STRICT_PROTOTYPES = YES;
				CLANG_WARN_SUSPICIOUS_MOVE = YES;
				CLANG_WARN_UNGUARDED_AVAILABILITY = YES_AGGRESSIVE;
				CLANG_WARN_UNREACHABLE_CODE = YES;
				CLANG_WARN__DUPLICATE_METHOD_MATCH = YES;
				CODE_SIGN_IDENTITY = "iPhone Developer";
				COPY_PHASE_STRIP = NO;
				DEBUG_INFORMATION_FORMAT = "dwarf-with-dsym";
				ENABLE_NS_ASSERTIONS = NO;
				ENABLE_STRICT_OBJC_MSGSEND = YES;
				GCC_C_LANGUAGE_STANDARD = gnu11;
				GCC_NO_COMMON_BLOCKS = YES;
				GCC_WARN_64_TO_32_BIT_CONVERSION = YES;
				GCC_WARN_ABOUT_RETURN_TYPE = YES_ERROR;
				GCC_WARN_UNDECLARED_SELECTOR = YES;
				GCC_WARN_UNINITIALIZED_AUTOS = YES_AGGRESSIVE;
				GCC_WARN_UNUSED_FUNCTION = YES;
				GCC_WARN_UNUSED_VARIABLE = YES;
				IPHONEOS_DEPLOYMENT_TARGET = 12.0;
				MTL_ENABLE_DEBUG_INFO = NO;
				SDKROOT = iphoneos;
				SWIFT_COMPILATION_MODE = wholemodule;
				SWIFT_OPTIMIZATION_LEVEL = "-O";
				VALIDATE_PRODUCT = YES;
			};
			name = Release;
		};
		060B60E82158280F00310CBB /* Debug */ = {
			isa = XCBuildConfiguration;
			buildSettings = {
				ASSETCATALOG_COMPILER_APPICON_NAME = AppIcon;
				CODE_SIGN_STYLE = Automatic;
				DEVELOPMENT_TEAM = DUCAN2M87U;
				INFOPLIST_FILE = "Udemy20 Core Data/Info.plist";
				LD_RUNPATH_SEARCH_PATHS = (
					"$(inherited)",
					"@executable_path/Frameworks",
				);
				PRODUCT_BUNDLE_IDENTIFIER = "com.briansakhuja.Udemy20-Core-Data";
				PRODUCT_NAME = "$(TARGET_NAME)";
				SWIFT_VERSION = 4.2;
				TARGETED_DEVICE_FAMILY = "1,2";
			};
			name = Debug;
		};
		060B60E92158280F00310CBB /* Release */ = {
			isa = XCBuildConfiguration;
			buildSettings = {
				ASSETCATALOG_COMPILER_APPICON_NAME = AppIcon;
				CODE_SIGN_STYLE = Automatic;
				DEVELOPMENT_TEAM = DUCAN2M87U;
				INFOPLIST_FILE = "Udemy20 Core Data/Info.plist";
				LD_RUNPATH_SEARCH_PATHS = (
					"$(inherited)",
					"@executable_path/Frameworks",
				);
				PRODUCT_BUNDLE_IDENTIFIER = "com.briansakhuja.Udemy20-Core-Data";
				PRODUCT_NAME = "$(TARGET_NAME)";
				SWIFT_VERSION = 4.2;
				TARGETED_DEVICE_FAMILY = "1,2";
			};
			name = Release;
		};
/* End XCBuildConfiguration section */

/* Begin XCConfigurationList section */
		060B60CD2158280B00310CBB /* Build configuration list for PBXProject "Udemy20 Core Data" */ = {
			isa = XCConfigurationList;
			buildConfigurations = (
				060B60E52158280F00310CBB /* Debug */,
				060B60E62158280F00310CBB /* Release */,
			);
			defaultConfigurationIsVisible = 0;
			defaultConfigurationName = Release;
		};
		060B60E72158280F00310CBB /* Build configuration list for PBXNativeTarget "Udemy20 Core Data" */ = {
			isa = XCConfigurationList;
			buildConfigurations = (
				060B60E82158280F00310CBB /* Debug */,
				060B60E92158280F00310CBB /* Release */,
			);
			defaultConfigurationIsVisible = 0;
			defaultConfigurationName = Release;
		};
/* End XCConfigurationList section */

/* Begin XCVersionGroup section */
		060B60DC2158280B00310CBB /* Udemy20_Core_Data.xcdatamodeld */ = {
			isa = XCVersionGroup;
			children = (
				060B60DD2158280B00310CBB /* Udemy20_Core_Data.xcdatamodel */,
			);
			currentVersion = 060B60DD2158280B00310CBB /* Udemy20_Core_Data.xcdatamodel */;
			path = Udemy20_Core_Data.xcdatamodeld;
			sourceTree = "<group>";
			versionGroupType = wrapper.xcdatamodel;
		};
/* End XCVersionGroup section */
	};
	rootObject = 060B60CA2158280B00310CBB /* Project object */;
}
