// !$*UTF8*$!
{
	archiveVersion = 1;
	classes = {
	};
	objectVersion = 50;
	objects = {

/* Begin PBXBuildFile section */
		067178B421476D5B0080DD46 /* AppDelegate.swift in Sources */ = {isa = PBXBuildFile; fileRef = 067178B321476D5B0080DD46 /* AppDelegate.swift */; };
		067178B621476D5B0080DD46 /* ViewController.swift in Sources */ = {isa = PBXBuildFile; fileRef = 067178B521476D5B0080DD46 /* ViewController.swift */; };
		067178B921476D5B0080DD46 /* Main.storyboard in Resources */ = {isa = PBXBuildFile; fileRef = 067178B721476D5B0080DD46 /* Main.storyboard */; };
		067178BB21476D5F0080DD46 /* Assets.xcassets in Resources */ = {isa = PBXBuildFile; fileRef = 067178BA21476D5F0080DD46 /* Assets.xcassets */; };
		067178BE21476D5F0080DD46 /* LaunchScreen.storyboard in Resources */ = {isa = PBXBuildFile; fileRef = 067178BC21476D5F0080DD46 /* LaunchScreen.storyboard */; };
		067178C821486E840080DD46 /* cross.png in Resources */ = {isa = PBXBuildFile; fileRef = 067178C521486E830080DD46 /* cross.png */; };
		067178C921486E840080DD46 /* nought.png in Resources */ = {isa = PBXBuildFile; fileRef = 067178C621486E840080DD46 /* nought.png */; };
		067178CA21486E840080DD46 /* board.png in Resources */ = {isa = PBXBuildFile; fileRef = 067178C721486E840080DD46 /* board.png */; };
/* End PBXBuildFile section */

/* Begin PBXFileReference section */
		067178B021476D5B0080DD46 /* Udemy10 Animations.app */ = {isa = PBXFileReference; explicitFileType = wrapper.application; includeInIndex = 0; path = "Udemy10 Animations.app"; sourceTree = BUILT_PRODUCTS_DIR; };
		067178B321476D5B0080DD46 /* AppDelegate.swift */ = {isa = PBXFileReference; lastKnownFileType = sourcecode.swift; path = AppDelegate.swift; sourceTree = "<group>"; };
		067178B521476D5B0080DD46 /* ViewController.swift */ = {isa = PBXFileReference; lastKnownFileType = sourcecode.swift; path = ViewController.swift; sourceTree = "<group>"; };
		067178B821476D5B0080DD46 /* Base */ = {isa = PBXFileReference; lastKnownFileType = file.storyboard; name = Base; path = Base.lproj/Main.storyboard; sourceTree = "<group>"; };
		067178BA21476D5F0080DD46 /* Assets.xcassets */ = {isa = PBXFileReference; lastKnownFileType = folder.assetcatalog; path = Assets.xcassets; sourceTree = "<group>"; };
		067178BD21476D5F0080DD46 /* Base */ = {isa = PBXFileReference; lastKnownFileType = file.storyboard; name = Base; path = Base.lproj/LaunchScreen.storyboard; sourceTree = "<group>"; };
		067178BF21476D5F0080DD46 /* Info.plist */ = {isa = PBXFileReference; lastKnownFileType = text.plist.xml; path = Info.plist; sourceTree = "<group>"; };
		067178C521486E830080DD46 /* cross.png */ = {isa = PBXFileReference; lastKnownFileType = image.png; path = cross.png; sourceTree = "<group>"; };
		067178C621486E840080DD46 /* nought.png */ = {isa = PBXFileReference; lastKnownFileType = image.png; path = nought.png; sourceTree = "<group>"; };
		067178C721486E840080DD46 /* board.png */ = {isa = PBXFileReference; lastKnownFileType = image.png; path = board.png; sourceTree = "<group>"; };
/* End PBXFileReference section */

/* Begin PBXFrameworksBuildPhase section */
		067178AD21476D5B0080DD46 /* Frameworks */ = {
			isa = PBXFrameworksBuildPhase;
			buildActionMask = 2147483647;
			files = (
			);
			runOnlyForDeploymentPostprocessing = 0;
		};
/* End PBXFrameworksBuildPhase section */

/* Begin PBXGroup section */
		067178A721476D5B0080DD46 = {
			isa = PBXGroup;
			children = (
				067178B221476D5B0080DD46 /* Udemy10 Animations */,
				067178B121476D5B0080DD46 /* Products */,
			);
			sourceTree = "<group>";
		};
		067178B121476D5B0080DD46 /* Products */ = {
			isa = PBXGroup;
			children = (
				067178B021476D5B0080DD46 /* Udemy10 Animations.app */,
			);
			name = Products;
			sourceTree = "<group>";
		};
		067178B221476D5B0080DD46 /* Udemy10 Animations */ = {
			isa = PBXGroup;
			children = (
				067178B321476D5B0080DD46 /* AppDelegate.swift */,
				067178B521476D5B0080DD46 /* ViewController.swift */,
				067178B721476D5B0080DD46 /* Main.storyboard */,
				067178C721486E840080DD46 /* board.png */,
				067178C521486E830080DD46 /* cross.png */,
				067178C621486E840080DD46 /* nought.png */,
				067178BA21476D5F0080DD46 /* Assets.xcassets */,
				067178BC21476D5F0080DD46 /* LaunchScreen.storyboard */,
				067178BF21476D5F0080DD46 /* Info.plist */,
			);
			path = "Udemy10 Animations";
			sourceTree = "<group>";
		};
/* End PBXGroup section */

/* Begin PBXNativeTarget section */
		067178AF21476D5B0080DD46 /* Udemy10 Animations */ = {
			isa = PBXNativeTarget;
			buildConfigurationList = 067178C221476D5F0080DD46 /* Build configuration list for PBXNativeTarget "Udemy10 Animations" */;
			buildPhases = (
				067178AC21476D5B0080DD46 /* Sources */,
				067178AD21476D5B0080DD46 /* Frameworks */,
				067178AE21476D5B0080DD46 /* Resources */,
			);
			buildRules = (
			);
			dependencies = (
			);
			name = "Udemy10 Animations";
			productName = "Udemy10 Animations";
			productReference = 067178B021476D5B0080DD46 /* Udemy10 Animations.app */;
			productType = "com.apple.product-type.application";
		};
/* End PBXNativeTarget section */

/* Begin PBXProject section */
		067178A821476D5B0080DD46 /* Project object */ = {
			isa = PBXProject;
			attributes = {
				LastSwiftUpdateCheck = 1000;
				LastUpgradeCheck = 1000;
				ORGANIZATIONNAME = "Brian Sakhuja";
				TargetAttributes = {
					067178AF21476D5B0080DD46 = {
						CreatedOnToolsVersion = 10.0;
					};
				};
			};
			buildConfigurationList = 067178AB21476D5B0080DD46 /* Build configuration list for PBXProject "Udemy10 Animations" */;
			compatibilityVersion = "Xcode 9.3";
			developmentRegion = en;
			hasScannedForEncodings = 0;
			knownRegions = (
				en,
				Base,
			);
			mainGroup = 067178A721476D5B0080DD46;
			productRefGroup = 067178B121476D5B0080DD46 /* Products */;
			projectDirPath = "";
			projectRoot = "";
			targets = (
				067178AF21476D5B0080DD46 /* Udemy10 Animations */,
			);
		};
/* End PBXProject section */

/* Begin PBXResourcesBuildPhase section */
		067178AE21476D5B0080DD46 /* Resources */ = {
			isa = PBXResourcesBuildPhase;
			buildActionMask = 2147483647;
			files = (
				067178BE21476D5F0080DD46 /* LaunchScreen.storyboard in Resources */,
				067178C921486E840080DD46 /* nought.png in Resources */,
				067178CA21486E840080DD46 /* board.png in Resources */,
				067178BB21476D5F0080DD46 /* Assets.xcassets in Resources */,
				067178C821486E840080DD46 /* cross.png in Resources */,
				067178B921476D5B0080DD46 /* Main.storyboard in Resources */,
			);
			runOnlyForDeploymentPostprocessing = 0;
		};
/* End PBXResourcesBuildPhase section */

/* Begin PBXSourcesBuildPhase section */
		067178AC21476D5B0080DD46 /* Sources */ = {
			isa = PBXSourcesBuildPhase;
			buildActionMask = 2147483647;
			files = (
				067178B621476D5B0080DD46 /* ViewController.swift in Sources */,
				067178B421476D5B0080DD46 /* AppDelegate.swift in Sources */,
			);
			runOnlyForDeploymentPostprocessing = 0;
		};
/* End PBXSourcesBuildPhase section */

/* Begin PBXVariantGroup section */
		067178B721476D5B0080DD46 /* Main.storyboard */ = {
			isa = PBXVariantGroup;
			children = (
				067178B821476D5B0080DD46 /* Base */,
			);
			name = Main.storyboard;
			sourceTree = "<group>";
		};
		067178BC21476D5F0080DD46 /* LaunchScreen.storyboard */ = {
			isa = PBXVariantGroup;
			children = (
				067178BD21476D5F0080DD46 /* Base */,
			);
			name = LaunchScreen.storyboard;
			sourceTree = "<group>";
		};
/* End PBXVariantGroup section */

/* Begin XCBuildConfiguration section */
		067178C021476D5F0080DD46 /* Debug */ = {
			isa = XCBuildConfiguration;
			buildSettings = {
				ALWAYS_SEARCH_USER_PATHS = NO;
				CLANG_ANALYZER_NONNULL = YES;
				CLANG_ANALYZER_NUMBER_OBJECT_CONVERSION = YES_AGGRESSIVE;
				CLANG_CXX_LANGUAGE_STANDARD = "gnu++14";
				CLANG_CXX_LIBRARY = "libc++";
				CLANG_ENABLE_MODULES = YES;
				CLANG_ENABLE_OBJC_ARC = YES;
				CLANG_ENABLE_OBJC_WEAK = YES;
				CLANG_WARN_BLOCK_CAPTURE_AUTORELEASING = YES;
				CLANG_WARN_BOOL_CONVERSION = YES;
				CLANG_WARN_COMMA = YES;
				CLANG_WARN_CONSTANT_CONVERSION = YES;
				CLANG_WARN_DEPRECATED_OBJC_IMPLEMENTATIONS = YES;
				CLANG_WARN_DIRECT_OBJC_ISA_USAGE = YES_ERROR;
				CLANG_WARN_DOCUMENTATION_COMMENTS = YES;
				CLANG_WARN_EMPTY_BODY = YES;
				CLANG_WARN_ENUM_CONVERSION = YES;
				CLANG_WARN_INFINITE_RECURSION = YES;
				CLANG_WARN_INT_CONVERSION = YES;
				CLANG_WARN_NON_LITERAL_NULL_CONVERSION = YES;
				CLANG_WARN_OBJC_IMPLICIT_RETAIN_SELF = YES;
				CLANG_WARN_OBJC_LITERAL_CONVERSION = YES;
				CLANG_WARN_OBJC_ROOT_CLASS = YES_ERROR;
				CLANG_WARN_RANGE_LOOP_ANALYSIS = YES;
				CLANG_WARN_STRICT_PROTOTYPES = YES;
				CLANG_WARN_SUSPICIOUS_MOVE = YES;
				CLANG_WARN_UNGUARDED_AVAILABILITY = YES_AGGRESSIVE;
				CLANG_WARN_UNREACHABLE_CODE = YES;
				CLANG_WARN__DUPLICATE_METHOD_MATCH = YES;
				CODE_SIGN_IDENTITY = "iPhone Developer";
				COPY_PHASE_STRIP = NO;
				DEBUG_INFORMATION_FORMAT = dwarf;
				ENABLE_STRICT_OBJC_MSGSEND = YES;
				ENABLE_TESTABILITY = YES;
				GCC_C_LANGUAGE_STANDARD = gnu11;
				GCC_DYNAMIC_NO_PIC = NO;
				GCC_NO_COMMON_BLOCKS = YES;
				GCC_OPTIMIZATION_LEVEL = 0;
				GCC_PREPROCESSOR_DEFINITIONS = (
					"DEBUG=1",
					"$(inherited)",
				);
				GCC_WARN_64_TO_32_BIT_CONVERSION = YES;
				GCC_WARN_ABOUT_RETURN_TYPE = YES_ERROR;
				GCC_WARN_UNDECLARED_SELECTOR = YES;
				GCC_WARN_UNINITIALIZED_AUTOS = YES_AGGRESSIVE;
				GCC_WARN_UNUSED_FUNCTION = YES;
				GCC_WARN_UNUSED_VARIABLE = YES;
				IPHONEOS_DEPLOYMENT_TARGET = 12.0;
				MTL_ENABLE_DEBUG_INFO = INCLUDE_SOURCE;
				ONLY_ACTIVE_ARCH = YES;
				SDKROOT = iphoneos;
				SWIFT_ACTIVE_COMPILATION_CONDITIONS = DEBUG;
				SWIFT_OPTIMIZATION_LEVEL = "-Onone";
			};
			name = Debug;
		};
		067178C121476D5F0080DD46 /* Release */ = {
			isa = XCBuildConfiguration;
			buildSettings = {
				ALWAYS_SEARCH_USER_PATHS = NO;
				CLANG_ANALYZER_NONNULL = YES;
				CLANG_ANALYZER_NUMBER_OBJECT_CONVERSION = YES_AGGRESSIVE;
				CLANG_CXX_LANGUAGE_STANDARD = "gnu++14";
				CLANG_CXX_LIBRARY = "libc++";
				CLANG_ENABLE_MODULES = YES;
				CLANG_ENABLE_OBJC_ARC = YES;
				CLANG_ENABLE_OBJC_WEAK = YES;
				CLANG_WARN_BLOCK_CAPTURE_AUTORELEASING = YES;
				CLANG_WARN_BOOL_CONVERSION = YES;
				CLANG_WARN_COMMA = YES;
				CLANG_WARN_CONSTANT_CONVERSION = YES;
				CLANG_WARN_DEPRECATED_OBJC_IMPLEMENTATIONS = YES;
				CLANG_WARN_DIRECT_OBJC_ISA_USAGE = YES_ERROR;
				CLANG_WARN_DOCUMENTATION_COMMENTS = YES;
				CLANG_WARN_EMPTY_BODY = YES;
				CLANG_WARN_ENUM_CONVERSION = YES;
				CLANG_WARN_INFINITE_RECURSION = YES;
				CLANG_WARN_INT_CONVERSION = YES;
				CLANG_WARN_NON_LITERAL_NULL_CONVERSION = YES;
				CLANG_WARN_OBJC_IMPLICIT_RETAIN_SELF = YES;
				CLANG_WARN_OBJC_LITERAL_CONVERSION = YES;
				CLANG_WARN_OBJC_ROOT_CLASS = YES_ERROR;
				CLANG_WARN_RANGE_LOOP_ANALYSIS = YES;
				CLANG_WARN_STRICT_PROTOTYPES = YES;
				CLANG_WARN_SUSPICIOUS_MOVE = YES;
				CLANG_WARN_UNGUARDED_AVAILABILITY = YES_AGGRESSIVE;
				CLANG_WARN_UNREACHABLE_CODE = YES;
				CLANG_WARN__DUPLICATE_METHOD_MATCH = YES;
				CODE_SIGN_IDENTITY = "iPhone Developer";
				COPY_PHASE_STRIP = NO;
				DEBUG_INFORMATION_FORMAT = "dwarf-with-dsym";
				ENABLE_NS_ASSERTIONS = NO;
				ENABLE_STRICT_OBJC_MSGSEND = YES;
				GCC_C_LANGUAGE_STANDARD = gnu11;
				GCC_NO_COMMON_BLOCKS = YES;
				GCC_WARN_64_TO_32_BIT_CONVERSION = YES;
				GCC_WARN_ABOUT_RETURN_TYPE = YES_ERROR;
				GCC_WARN_UNDECLARED_SELECTOR = YES;
				GCC_WARN_UNINITIALIZED_AUTOS = YES_AGGRESSIVE;
				GCC_WARN_UNUSED_FUNCTION = YES;
				GCC_WARN_UNUSED_VARIABLE = YES;
				IPHONEOS_DEPLOYMENT_TARGET = 12.0;
				MTL_ENABLE_DEBUG_INFO = NO;
				SDKROOT = iphoneos;
				SWIFT_COMPILATION_MODE = wholemodule;
				SWIFT_OPTIMIZATION_LEVEL = "-O";
				VALIDATE_PRODUCT = YES;
			};
			name = Release;
		};
		067178C321476D5F0080DD46 /* Debug */ = {
			isa = XCBuildConfiguration;
			buildSettings = {
				ASSETCATALOG_COMPILER_APPICON_NAME = AppIcon;
				CODE_SIGN_STYLE = Automatic;
				DEVELOPMENT_TEAM = DUCAN2M87U;
				INFOPLIST_FILE = "Udemy10 Animations/Info.plist";
				LD_RUNPATH_SEARCH_PATHS = (
					"$(inherited)",
					"@executable_path/Frameworks",
				);
				PRODUCT_BUNDLE_IDENTIFIER = "com.briansakhuja.Udemy10-Animations";
				PRODUCT_NAME = "$(TARGET_NAME)";
				SWIFT_VERSION = 4.2;
				TARGETED_DEVICE_FAMILY = "1,2";
			};
			name = Debug;
		};
		067178C421476D5F0080DD46 /* Release */ = {
			isa = XCBuildConfiguration;
			buildSettings = {
				ASSETCATALOG_COMPILER_APPICON_NAME = AppIcon;
				CODE_SIGN_STYLE = Automatic;
				DEVELOPMENT_TEAM = DUCAN2M87U;
				INFOPLIST_FILE = "Udemy10 Animations/Info.plist";
				LD_RUNPATH_SEARCH_PATHS = (
					"$(inherited)",
					"@executable_path/Frameworks",
				);
				PRODUCT_BUNDLE_IDENTIFIER = "com.briansakhuja.Udemy10-Animations";
				PRODUCT_NAME = "$(TARGET_NAME)";
				SWIFT_VERSION = 4.2;
				TARGETED_DEVICE_FAMILY = "1,2";
			};
			name = Release;
		};
/* End XCBuildConfiguration section */

/* Begin XCConfigurationList section */
		067178AB21476D5B0080DD46 /* Build configuration list for PBXProject "Udemy10 Animations" */ = {
			isa = XCConfigurationList;
			buildConfigurations = (
				067178C021476D5F0080DD46 /* Debug */,
				067178C121476D5F0080DD46 /* Release */,
			);
			defaultConfigurationIsVisible = 0;
			defaultConfigurationName = Release;
		};
		067178C221476D5F0080DD46 /* Build configuration list for PBXNativeTarget "Udemy10 Animations" */ = {
			isa = XCConfigurationList;
			buildConfigurations = (
				067178C321476D5F0080DD46 /* Debug */,
				067178C421476D5F0080DD46 /* Release */,
			);
			defaultConfigurationIsVisible = 0;
			defaultConfigurationName = Release;
		};
/* End XCConfigurationList section */
	};
	rootObject = 067178A821476D5B0080DD46 /* Project object */;
}
